Microsoft Visual Studio Solution File, Format Version 12.00
# Visual Studio Version 17
VisualStudioVersion = 17.5.2.0
MinimumVisualStudioVersion = 10.0.40219.1
Project("{FAE04EC0-301F-11D3-BF4B-00C04F79EFBC}") = "Postulante Empleo", "Postulante Empleo.csproj", "{5EBE6F86-4C38-D851-C650-F12C29601EDD}"
EndProject
Global
	GlobalSection(SolutionConfigurationPlatforms) = preSolution
		Debug|Any CPU = Debug|Any CPU
		Release|Any CPU = Release|Any CPU
	EndGlobalSection
	GlobalSection(ProjectConfigurationPlatforms) = postSolution
		{5EBE6F86-4C38-D851-C650-F12C29601EDD}.Debug|Any CPU.ActiveCfg = Debug|Any CPU
		{5EBE6F86-4C38-D851-C650-F12C29601EDD}.Debug|Any CPU.Build.0 = Debug|Any CPU
		{5EBE6F86-4C38-D851-C650-F12C29601EDD}.Release|Any CPU.ActiveCfg = Release|Any CPU
		{5EBE6F86-4C38-D851-C650-F12C29601EDD}.Release|Any CPU.Build.0 = Release|Any CPU
	EndGlobalSection
	GlobalSection(SolutionProperties) = preSolution
		HideSolutionNode = FALSE
	EndGlobalSection
	GlobalSection(ExtensibilityGlobals) = postSolution
		SolutionGuid = {7E3E34BD-8A6C-440C-B883-6D2CE49AFBB9}
	EndGlobalSection
EndGlobal
